{
  "name": "portfolionew",
  "version": "1.0.0",
  "lockfileVersion": 1,
  "requires": true,
  "dependencies": {
    "@mdi/font": {
      "version": "3.0.39",
      "resolved": "https://registry.npmjs.org/@mdi/font/-/font-3.0.39.tgz",
      "integrity": "sha512-VnPxEXsiV+YP9NO7XyQEvs1tBxkmtPzib9dRq/1CqubaZy9oeP7Jmgd/IEya8Z3bVyj+NZpwS0YGZW1kvx2eFQ=="
    },
    "mixitup": {
      "version": "3.3.1",
      "resolved": "https://registry.npmjs.org/mixitup/-/mixitup-3.3.1.tgz",
      "integrity": "sha512-5WlMzRNSAU5R1N/NlmOvmYxcZVgib3do5I0H+LO6e0ArI7GlNLMPoAANK7XOemuwJFZcJHIGvWDIPMK1jnWEqA==",
      "dev": true
    }
  }
}
